
Microsoft Visual Studio Solution File, Format Version 12.00
# Visual Studio Version 17
VisualStudioVersion = 17.0.31903.59
MinimumVisualStudioVersion = 10.0.40219.1
Project("{2150E333-8FDC-42A3-9474-1A3956D46DE8}") = "items", "items", "{B34C76B5-5578-4F14-A2CE-590251FDD6F3}"
	ProjectSection(SolutionItems) = preProject
		global.json = global.json
		nuget.config = nuget.config
		.config\dotnet-tools.json = .config\dotnet-tools.json
		Directory.Packages.props = Directory.Packages.props
	EndProjectSection
EndProject
Project("{FAE04EC0-301F-11D3-BF4B-00C04F79EFBC}") = "Dietly.WebApi", "src\Dietly.WebApi\Dietly.WebApi.csproj", "{B7FCBD73-13C6-4FE7-82BC-1CCA1ADEE714}"
EndProject
Project("{FAE04EC0-301F-11D3-BF4B-00C04F79EFBC}") = "Dietly.Application", "src\Dietly.Application\Dietly.Application.csproj", "{D4BAA146-7A46-4F3D-A04B-DB6245DEA5B9}"
EndProject
Project("{FAE04EC0-301F-11D3-BF4B-00C04F79EFBC}") = "Dietly.Domain", "src\Dietly.Domain\Dietly.Domain.csproj", "{C32297D2-66E8-4336-BC81-AF09BC591555}"
EndProject
Project("{2150E333-8FDC-42A3-9474-1A3956D46DE8}") = "src", "src", "{ABF6C88E-D9B8-4F4E-A3F7-7DF2E8B80C4E}"
EndProject
Project("{2150E333-8FDC-42A3-9474-1A3956D46DE8}") = "tests", "tests", "{0470EDE2-2154-4922-A8AF-CFFF8BE137CB}"
EndProject
Project("{FAE04EC0-301F-11D3-BF4B-00C04F79EFBC}") = "Dietly.Infrastructure", "src\Dietly.Infrastructure\Dietly.Infrastructure.csproj", "{EB60DB18-29B5-47FD-8F98-D7F1D61947BF}"
EndProject
Project("{FAE04EC0-301F-11D3-BF4B-00C04F79EFBC}") = "Dietly.Domain.UnitTests", "tests\Dietly.Domain.UnitTests\Dietly.Domain.UnitTests.csproj", "{C7090E5F-1100-451C-ADC6-83A65B9CBD88}"
EndProject
Project("{FAE04EC0-301F-11D3-BF4B-00C04F79EFBC}") = "Dietly.WebApi.UnitTests", "tests\Dietly.WebApi.UnitTests\Dietly.WebApi.UnitTests.csproj", "{8DA11449-7EA6-4B04-AB9B-B2CDBC808D3E}"
EndProject
Project("{FAE04EC0-301F-11D3-BF4B-00C04F79EFBC}") = "Dietly.WebApi.InfrastructureTests", "tests\Dietly.WebApi.InfrastructureTests\Dietly.WebApi.InfrastructureTests.csproj", "{98028BA7-CD6D-4BFE-AC41-C61AEC9669BB}"
EndProject
Global
	GlobalSection(SolutionConfigurationPlatforms) = preSolution
		Debug|Any CPU = Debug|Any CPU
		Release|Any CPU = Release|Any CPU
	EndGlobalSection
	GlobalSection(SolutionProperties) = preSolution
		HideSolutionNode = FALSE
	EndGlobalSection
	GlobalSection(ProjectConfigurationPlatforms) = postSolution
		{B7FCBD73-13C6-4FE7-82BC-1CCA1ADEE714}.Debug|Any CPU.ActiveCfg = Debug|Any CPU
		{B7FCBD73-13C6-4FE7-82BC-1CCA1ADEE714}.Debug|Any CPU.Build.0 = Debug|Any CPU
		{B7FCBD73-13C6-4FE7-82BC-1CCA1ADEE714}.Release|Any CPU.ActiveCfg = Release|Any CPU
		{B7FCBD73-13C6-4FE7-82BC-1CCA1ADEE714}.Release|Any CPU.Build.0 = Release|Any CPU
		{D4BAA146-7A46-4F3D-A04B-DB6245DEA5B9}.Debug|Any CPU.ActiveCfg = Debug|Any CPU
		{D4BAA146-7A46-4F3D-A04B-DB6245DEA5B9}.Debug|Any CPU.Build.0 = Debug|Any CPU
		{D4BAA146-7A46-4F3D-A04B-DB6245DEA5B9}.Release|Any CPU.ActiveCfg = Release|Any CPU
		{D4BAA146-7A46-4F3D-A04B-DB6245DEA5B9}.Release|Any CPU.Build.0 = Release|Any CPU
		{C32297D2-66E8-4336-BC81-AF09BC591555}.Debug|Any CPU.ActiveCfg = Debug|Any CPU
		{C32297D2-66E8-4336-BC81-AF09BC591555}.Debug|Any CPU.Build.0 = Debug|Any CPU
		{C32297D2-66E8-4336-BC81-AF09BC591555}.Release|Any CPU.ActiveCfg = Release|Any CPU
		{C32297D2-66E8-4336-BC81-AF09BC591555}.Release|Any CPU.Build.0 = Release|Any CPU
		{EB60DB18-29B5-47FD-8F98-D7F1D61947BF}.Debug|Any CPU.ActiveCfg = Debug|Any CPU
		{EB60DB18-29B5-47FD-8F98-D7F1D61947BF}.Debug|Any CPU.Build.0 = Debug|Any CPU
		{EB60DB18-29B5-47FD-8F98-D7F1D61947BF}.Release|Any CPU.ActiveCfg = Release|Any CPU
		{EB60DB18-29B5-47FD-8F98-D7F1D61947BF}.Release|Any CPU.Build.0 = Release|Any CPU
		{C7090E5F-1100-451C-ADC6-83A65B9CBD88}.Debug|Any CPU.ActiveCfg = Debug|Any CPU
		{C7090E5F-1100-451C-ADC6-83A65B9CBD88}.Debug|Any CPU.Build.0 = Debug|Any CPU
		{C7090E5F-1100-451C-ADC6-83A65B9CBD88}.Release|Any CPU.ActiveCfg = Release|Any CPU
		{C7090E5F-1100-451C-ADC6-83A65B9CBD88}.Release|Any CPU.Build.0 = Release|Any CPU
		{8DA11449-7EA6-4B04-AB9B-B2CDBC808D3E}.Debug|Any CPU.ActiveCfg = Debug|Any CPU
		{8DA11449-7EA6-4B04-AB9B-B2CDBC808D3E}.Debug|Any CPU.Build.0 = Debug|Any CPU
		{8DA11449-7EA6-4B04-AB9B-B2CDBC808D3E}.Release|Any CPU.ActiveCfg = Release|Any CPU
		{8DA11449-7EA6-4B04-AB9B-B2CDBC808D3E}.Release|Any CPU.Build.0 = Release|Any CPU
		{98028BA7-CD6D-4BFE-AC41-C61AEC9669BB}.Debug|Any CPU.ActiveCfg = Debug|Any CPU
		{98028BA7-CD6D-4BFE-AC41-C61AEC9669BB}.Debug|Any CPU.Build.0 = Debug|Any CPU
		{98028BA7-CD6D-4BFE-AC41-C61AEC9669BB}.Release|Any CPU.ActiveCfg = Release|Any CPU
		{98028BA7-CD6D-4BFE-AC41-C61AEC9669BB}.Release|Any CPU.Build.0 = Release|Any CPU
	EndGlobalSection
	GlobalSection(NestedProjects) = preSolution
		{B7FCBD73-13C6-4FE7-82BC-1CCA1ADEE714} = {ABF6C88E-D9B8-4F4E-A3F7-7DF2E8B80C4E}
		{D4BAA146-7A46-4F3D-A04B-DB6245DEA5B9} = {ABF6C88E-D9B8-4F4E-A3F7-7DF2E8B80C4E}
		{C32297D2-66E8-4336-BC81-AF09BC591555} = {ABF6C88E-D9B8-4F4E-A3F7-7DF2E8B80C4E}
		{EB60DB18-29B5-47FD-8F98-D7F1D61947BF} = {ABF6C88E-D9B8-4F4E-A3F7-7DF2E8B80C4E}
		{C7090E5F-1100-451C-ADC6-83A65B9CBD88} = {0470EDE2-2154-4922-A8AF-CFFF8BE137CB}
		{8DA11449-7EA6-4B04-AB9B-B2CDBC808D3E} = {0470EDE2-2154-4922-A8AF-CFFF8BE137CB}
		{98028BA7-CD6D-4BFE-AC41-C61AEC9669BB} = {0470EDE2-2154-4922-A8AF-CFFF8BE137CB}
	EndGlobalSection
EndGlobal
